
Microsoft Visual Studio Solution File, Format Version 12.00
# Visual Studio 14
VisualStudioVersion = 14.0.24720.0
MinimumVisualStudioVersion = 10.0.40219.1
Project("{FAE04EC0-301F-11D3-BF4B-00C04F79EFBC}") = "Lórum_Winform", "Lórum_Winform\Lórum_Winform.csproj", "{7BDBF7A1-2782-49DA-8454-3B1510B6C3F2}"
EndProject
Project("{FAE04EC0-301F-11D3-BF4B-00C04F79EFBC}") = "Lórum_WinformTests", "Lórum_WinformTests\Lórum_WinformTests.csproj", "{BD0EB3A7-2629-4358-AA5F-140CF8B6322C}"
EndProject
Global
	GlobalSection(SolutionConfigurationPlatforms) = preSolution
		Debug|Any CPU = Debug|Any CPU
		Release|Any CPU = Release|Any CPU
	EndGlobalSection
	GlobalSection(ProjectConfigurationPlatforms) = postSolution
		{7BDBF7A1-2782-49DA-8454-3B1510B6C3F2}.Debug|Any CPU.ActiveCfg = Debug|Any CPU
		{7BDBF7A1-2782-49DA-8454-3B1510B6C3F2}.Debug|Any CPU.Build.0 = Debug|Any CPU
		{7BDBF7A1-2782-49DA-8454-3B1510B6C3F2}.Release|Any CPU.ActiveCfg = Release|Any CPU
		{7BDBF7A1-2782-49DA-8454-3B1510B6C3F2}.Release|Any CPU.Build.0 = Release|Any CPU
		{BD0EB3A7-2629-4358-AA5F-140CF8B6322C}.Debug|Any CPU.ActiveCfg = Debug|Any CPU
		{BD0EB3A7-2629-4358-AA5F-140CF8B6322C}.Debug|Any CPU.Build.0 = Debug|Any CPU
		{BD0EB3A7-2629-4358-AA5F-140CF8B6322C}.Release|Any CPU.ActiveCfg = Release|Any CPU
		{BD0EB3A7-2629-4358-AA5F-140CF8B6322C}.Release|Any CPU.Build.0 = Release|Any CPU
	EndGlobalSection
	GlobalSection(SolutionProperties) = preSolution
		HideSolutionNode = FALSE
	EndGlobalSection
EndGlobal
